
Microsoft Visual Studio Solution File, Format Version 12.00
# Visual Studio Version 16
VisualStudioVersion = 16.0.32228.343
MinimumVisualStudioVersion = 10.0.40219.1
Project("{9A19103F-16F7-4668-BE54-9A1E7A4F7556}") = "LogixInfo.API", "Techdome.API\LogixInfo.API.csproj", "{4AA98188-79B8-409D-926B-144867550DEC}"
EndProject
Global
	GlobalSection(SolutionConfigurationPlatforms) = preSolution
		Debug|Any CPU = Debug|Any CPU
		Release|Any CPU = Release|Any CPU
	EndGlobalSection
	GlobalSection(ProjectConfigurationPlatforms) = postSolution
		{4AA98188-79B8-409D-926B-144867550DEC}.Debug|Any CPU.ActiveCfg = Debug|Any CPU
		{4AA98188-79B8-409D-926B-144867550DEC}.Debug|Any CPU.Build.0 = Debug|Any CPU
		{4AA98188-79B8-409D-926B-144867550DEC}.Release|Any CPU.ActiveCfg = Release|Any CPU
		{4AA98188-79B8-409D-926B-144867550DEC}.Release|Any CPU.Build.0 = Release|Any CPU
	EndGlobalSection
	GlobalSection(SolutionProperties) = preSolution
		HideSolutionNode = FALSE
	EndGlobalSection
	GlobalSection(ExtensibilityGlobals) = postSolution
		SolutionGuid = {E3CC1947-AC5F-4CDA-8552-7845AF502865}
	EndGlobalSection
EndGlobal
